
Microsoft Visual Studio Solution File, Format Version 12.00
# Visual Studio 15
VisualStudioVersion = 15.0.28010.2050
MinimumVisualStudioVersion = 10.0.40219.1
Project("{FAE04EC0-301F-11D3-BF4B-00C04F79EFBC}") = "ProvaMobile.Android", "ProvaMobile\ProvaMobile.Android\ProvaMobile.Android.csproj", "{24CE3C36-16B9-426D-AA0C-5961ECF8D88C}"
EndProject
Project("{FAE04EC0-301F-11D3-BF4B-00C04F79EFBC}") = "ProvaMobile", "ProvaMobile\ProvaMobile\ProvaMobile.csproj", "{6A5B030F-A5A8-49F0-A253-005CF3E34AAC}"
EndProject
Global
	GlobalSection(SolutionConfigurationPlatforms) = preSolution
		Debug|Any CPU = Debug|Any CPU
		Release|Any CPU = Release|Any CPU
	EndGlobalSection
	GlobalSection(ProjectConfigurationPlatforms) = postSolution
		{24CE3C36-16B9-426D-AA0C-5961ECF8D88C}.Debug|Any CPU.ActiveCfg = Debug|Any CPU
		{24CE3C36-16B9-426D-AA0C-5961ECF8D88C}.Debug|Any CPU.Build.0 = Debug|Any CPU
		{24CE3C36-16B9-426D-AA0C-5961ECF8D88C}.Debug|Any CPU.Deploy.0 = Debug|Any CPU
		{24CE3C36-16B9-426D-AA0C-5961ECF8D88C}.Release|Any CPU.ActiveCfg = Release|Any CPU
		{24CE3C36-16B9-426D-AA0C-5961ECF8D88C}.Release|Any CPU.Build.0 = Release|Any CPU
		{24CE3C36-16B9-426D-AA0C-5961ECF8D88C}.Release|Any CPU.Deploy.0 = Release|Any CPU
		{6A5B030F-A5A8-49F0-A253-005CF3E34AAC}.Debug|Any CPU.ActiveCfg = Debug|Any CPU
		{6A5B030F-A5A8-49F0-A253-005CF3E34AAC}.Debug|Any CPU.Build.0 = Debug|Any CPU
		{6A5B030F-A5A8-49F0-A253-005CF3E34AAC}.Debug|Any CPU.Deploy.0 = Debug|Any CPU
		{6A5B030F-A5A8-49F0-A253-005CF3E34AAC}.Release|Any CPU.ActiveCfg = Release|Any CPU
		{6A5B030F-A5A8-49F0-A253-005CF3E34AAC}.Release|Any CPU.Build.0 = Release|Any CPU
		{6A5B030F-A5A8-49F0-A253-005CF3E34AAC}.Release|Any CPU.Deploy.0 = Release|Any CPU
	EndGlobalSection
	GlobalSection(SolutionProperties) = preSolution
		HideSolutionNode = FALSE
	EndGlobalSection
	GlobalSection(ExtensibilityGlobals) = postSolution
		SolutionGuid = {B05E043E-50A0-47EF-9B01-AC2DB3820AF7}
	EndGlobalSection
EndGlobal
